
Microsoft Visual Studio Solution File, Format Version 12.00
# Visual Studio Version 17
VisualStudioVersion = 17.0.31903.59
MinimumVisualStudioVersion = 10.0.40219.1
Project("{2150E333-8FDC-42A3-9474-1A3956D46DE8}") = "API", "API", "{4D5BE0D6-6E95-4E45-A80F-01F208B6D182}"
EndProject
Project("{2150E333-8FDC-42A3-9474-1A3956D46DE8}") = "Presentation", "Presentation", "{06CFFD70-14AA-A959-A3BA-1B15D094E3B1}"
EndProject
Project("{FAE04EC0-301F-11D3-BF4B-00C04F79EFBC}") = "AssistenteIaApi", "API\Presentation\AssistenteIaApi\AssistenteIaApi.csproj", "{FB5C8555-7248-444C-81F5-821875F7D472}"
EndProject
Project("{2150E333-8FDC-42A3-9474-1A3956D46DE8}") = "Application", "Application", "{A74F262E-BDE7-D5D2-89E9-785413424D0A}"
EndProject
Project("{FAE04EC0-301F-11D3-BF4B-00C04F79EFBC}") = "AssistenteIaApi.Application", "API\Application\AssistenteIaApi.Application\AssistenteIaApi.Application.csproj", "{90A99B7C-FDE1-44D5-8F7D-15998DB18E17}"
EndProject
Project("{2150E333-8FDC-42A3-9474-1A3956D46DE8}") = "Infrastructure", "Infrastructure", "{DFEE68D8-A7D0-1A41-506C-9B74AA9A7B7B}"
EndProject
Project("{FAE04EC0-301F-11D3-BF4B-00C04F79EFBC}") = "AssistenteIaApi.Infrastructure", "API\Infrastructure\AssistenteIaApi.Infrastructure\AssistenteIaApi.Infrastructure.csproj", "{C81A3AB0-70B4-47C4-9C4F-40F147EC055E}"
EndProject
Project("{2150E333-8FDC-42A3-9474-1A3956D46DE8}") = "Domain", "Domain", "{996CEBED-A05B-5D42-3FF0-982E087A2599}"
EndProject
Project("{FAE04EC0-301F-11D3-BF4B-00C04F79EFBC}") = "AssistenteIaApi.Domain", "API\Domain\AssistenteIaApi.Domain\AssistenteIaApi.Domain.csproj", "{3039676A-327D-4860-AF27-3BFC0A3FBEB7}"
EndProject
Project("{2150E333-8FDC-42A3-9474-1A3956D46DE8}") = "Workers", "Workers", "{20543853-AF10-B830-2A3D-9FE9F6ECBF6C}"
EndProject
Project("{FAE04EC0-301F-11D3-BF4B-00C04F79EFBC}") = "AssistenteIaApi.ServiceB.Worker", "Workers\AssistenteIaApi.ServiceB.Worker\AssistenteIaApi.ServiceB.Worker.csproj", "{FD62686F-3C57-4A2D-8E0D-6EBBA3487A66}"
EndProject
Global
	GlobalSection(SolutionConfigurationPlatforms) = preSolution
		Debug|Any CPU = Debug|Any CPU
		Debug|x64 = Debug|x64
		Debug|x86 = Debug|x86
		Release|Any CPU = Release|Any CPU
		Release|x64 = Release|x64
		Release|x86 = Release|x86
	EndGlobalSection
	GlobalSection(ProjectConfigurationPlatforms) = postSolution
		{FB5C8555-7248-444C-81F5-821875F7D472}.Debug|Any CPU.ActiveCfg = Debug|Any CPU
		{FB5C8555-7248-444C-81F5-821875F7D472}.Debug|Any CPU.Build.0 = Debug|Any CPU
		{FB5C8555-7248-444C-81F5-821875F7D472}.Debug|x64.ActiveCfg = Debug|Any CPU
		{FB5C8555-7248-444C-81F5-821875F7D472}.Debug|x64.Build.0 = Debug|Any CPU
		{FB5C8555-7248-444C-81F5-821875F7D472}.Debug|x86.ActiveCfg = Debug|Any CPU
		{FB5C8555-7248-444C-81F5-821875F7D472}.Debug|x86.Build.0 = Debug|Any CPU
		{FB5C8555-7248-444C-81F5-821875F7D472}.Release|Any CPU.ActiveCfg = Release|Any CPU
		{FB5C8555-7248-444C-81F5-821875F7D472}.Release|Any CPU.Build.0 = Release|Any CPU
		{FB5C8555-7248-444C-81F5-821875F7D472}.Release|x64.ActiveCfg = Release|Any CPU
		{FB5C8555-7248-444C-81F5-821875F7D472}.Release|x64.Build.0 = Release|Any CPU
		{FB5C8555-7248-444C-81F5-821875F7D472}.Release|x86.ActiveCfg = Release|Any CPU
		{FB5C8555-7248-444C-81F5-821875F7D472}.Release|x86.Build.0 = Release|Any CPU
		{90A99B7C-FDE1-44D5-8F7D-15998DB18E17}.Debug|Any CPU.ActiveCfg = Debug|Any CPU
		{90A99B7C-FDE1-44D5-8F7D-15998DB18E17}.Debug|Any CPU.Build.0 = Debug|Any CPU
		{90A99B7C-FDE1-44D5-8F7D-15998DB18E17}.Debug|x64.ActiveCfg = Debug|Any CPU
		{90A99B7C-FDE1-44D5-8F7D-15998DB18E17}.Debug|x64.Build.0 = Debug|Any CPU
		{90A99B7C-FDE1-44D5-8F7D-15998DB18E17}.Debug|x86.ActiveCfg = Debug|Any CPU
		{90A99B7C-FDE1-44D5-8F7D-15998DB18E17}.Debug|x86.Build.0 = Debug|Any CPU
		{90A99B7C-FDE1-44D5-8F7D-15998DB18E17}.Release|Any CPU.ActiveCfg = Release|Any CPU
		{90A99B7C-FDE1-44D5-8F7D-15998DB18E17}.Release|Any CPU.Build.0 = Release|Any CPU
		{90A99B7C-FDE1-44D5-8F7D-15998DB18E17}.Release|x64.ActiveCfg = Release|Any CPU
		{90A99B7C-FDE1-44D5-8F7D-15998DB18E17}.Release|x64.Build.0 = Release|Any CPU
		{90A99B7C-FDE1-44D5-8F7D-15998DB18E17}.Release|x86.ActiveCfg = Release|Any CPU
		{90A99B7C-FDE1-44D5-8F7D-15998DB18E17}.Release|x86.Build.0 = Release|Any CPU
		{C81A3AB0-70B4-47C4-9C4F-40F147EC055E}.Debug|Any CPU.ActiveCfg = Debug|Any CPU
		{C81A3AB0-70B4-47C4-9C4F-40F147EC055E}.Debug|Any CPU.Build.0 = Debug|Any CPU
		{C81A3AB0-70B4-47C4-9C4F-40F147EC055E}.Debug|x64.ActiveCfg = Debug|Any CPU
		{C81A3AB0-70B4-47C4-9C4F-40F147EC055E}.Debug|x64.Build.0 = Debug|Any CPU
		{C81A3AB0-70B4-47C4-9C4F-40F147EC055E}.Debug|x86.ActiveCfg = Debug|Any CPU
		{C81A3AB0-70B4-47C4-9C4F-40F147EC055E}.Debug|x86.Build.0 = Debug|Any CPU
		{C81A3AB0-70B4-47C4-9C4F-40F147EC055E}.Release|Any CPU.ActiveCfg = Release|Any CPU
		{C81A3AB0-70B4-47C4-9C4F-40F147EC055E}.Release|Any CPU.Build.0 = Release|Any CPU
		{C81A3AB0-70B4-47C4-9C4F-40F147EC055E}.Release|x64.ActiveCfg = Release|Any CPU
		{C81A3AB0-70B4-47C4-9C4F-40F147EC055E}.Release|x64.Build.0 = Release|Any CPU
		{C81A3AB0-70B4-47C4-9C4F-40F147EC055E}.Release|x86.ActiveCfg = Release|Any CPU
		{C81A3AB0-70B4-47C4-9C4F-40F147EC055E}.Release|x86.Build.0 = Release|Any CPU
		{3039676A-327D-4860-AF27-3BFC0A3FBEB7}.Debug|Any CPU.ActiveCfg = Debug|Any CPU
		{3039676A-327D-4860-AF27-3BFC0A3FBEB7}.Debug|Any CPU.Build.0 = Debug|Any CPU
		{3039676A-327D-4860-AF27-3BFC0A3FBEB7}.Debug|x64.ActiveCfg = Debug|Any CPU
		{3039676A-327D-4860-AF27-3BFC0A3FBEB7}.Debug|x64.Build.0 = Debug|Any CPU
		{3039676A-327D-4860-AF27-3BFC0A3FBEB7}.Debug|x86.ActiveCfg = Debug|Any CPU
		{3039676A-327D-4860-AF27-3BFC0A3FBEB7}.Debug|x86.Build.0 = Debug|Any CPU
		{3039676A-327D-4860-AF27-3BFC0A3FBEB7}.Release|Any CPU.ActiveCfg = Release|Any CPU
		{3039676A-327D-4860-AF27-3BFC0A3FBEB7}.Release|Any CPU.Build.0 = Release|Any CPU
		{3039676A-327D-4860-AF27-3BFC0A3FBEB7}.Release|x64.ActiveCfg = Release|Any CPU
		{3039676A-327D-4860-AF27-3BFC0A3FBEB7}.Release|x64.Build.0 = Release|Any CPU
		{3039676A-327D-4860-AF27-3BFC0A3FBEB7}.Release|x86.ActiveCfg = Release|Any CPU
		{3039676A-327D-4860-AF27-3BFC0A3FBEB7}.Release|x86.Build.0 = Release|Any CPU
		{FD62686F-3C57-4A2D-8E0D-6EBBA3487A66}.Debug|Any CPU.ActiveCfg = Debug|Any CPU
		{FD62686F-3C57-4A2D-8E0D-6EBBA3487A66}.Debug|Any CPU.Build.0 = Debug|Any CPU
		{FD62686F-3C57-4A2D-8E0D-6EBBA3487A66}.Debug|x64.ActiveCfg = Debug|Any CPU
		{FD62686F-3C57-4A2D-8E0D-6EBBA3487A66}.Debug|x64.Build.0 = Debug|Any CPU
		{FD62686F-3C57-4A2D-8E0D-6EBBA3487A66}.Debug|x86.ActiveCfg = Debug|Any CPU
		{FD62686F-3C57-4A2D-8E0D-6EBBA3487A66}.Debug|x86.Build.0 = Debug|Any CPU
		{FD62686F-3C57-4A2D-8E0D-6EBBA3487A66}.Release|Any CPU.ActiveCfg = Release|Any CPU
		{FD62686F-3C57-4A2D-8E0D-6EBBA3487A66}.Release|Any CPU.Build.0 = Release|Any CPU
		{FD62686F-3C57-4A2D-8E0D-6EBBA3487A66}.Release|x64.ActiveCfg = Release|Any CPU
		{FD62686F-3C57-4A2D-8E0D-6EBBA3487A66}.Release|x64.Build.0 = Release|Any CPU
		{FD62686F-3C57-4A2D-8E0D-6EBBA3487A66}.Release|x86.ActiveCfg = Release|Any CPU
		{FD62686F-3C57-4A2D-8E0D-6EBBA3487A66}.Release|x86.Build.0 = Release|Any CPU
	EndGlobalSection
	GlobalSection(SolutionProperties) = preSolution
		HideSolutionNode = FALSE
	EndGlobalSection
GlobalSection(NestedProjects) = preSolution
		{06CFFD70-14AA-A959-A3BA-1B15D094E3B1} = {4D5BE0D6-6E95-4E45-A80F-01F208B6D182}
		{A74F262E-BDE7-D5D2-89E9-785413424D0A} = {4D5BE0D6-6E95-4E45-A80F-01F208B6D182}
		{DFEE68D8-A7D0-1A41-506C-9B74AA9A7B7B} = {4D5BE0D6-6E95-4E45-A80F-01F208B6D182}
		{996CEBED-A05B-5D42-3FF0-982E087A2599} = {4D5BE0D6-6E95-4E45-A80F-01F208B6D182}
		{FB5C8555-7248-444C-81F5-821875F7D472} = {06CFFD70-14AA-A959-A3BA-1B15D094E3B1}
		{90A99B7C-FDE1-44D5-8F7D-15998DB18E17} = {A74F262E-BDE7-D5D2-89E9-785413424D0A}
		{C81A3AB0-70B4-47C4-9C4F-40F147EC055E} = {DFEE68D8-A7D0-1A41-506C-9B74AA9A7B7B}
		{3039676A-327D-4860-AF27-3BFC0A3FBEB7} = {996CEBED-A05B-5D42-3FF0-982E087A2599}
		{FD62686F-3C57-4A2D-8E0D-6EBBA3487A66} = {20543853-AF10-B830-2A3D-9FE9F6ECBF6C}
	EndGlobalSection
EndGlobal
